
Microsoft Visual Studio Solution File, Format Version 12.00
# Visual Studio Version 17
VisualStudioVersion = 17.2.32616.157
MinimumVisualStudioVersion = 10.0.40219.1
Project("{2150E333-8FDC-42A3-9474-1A3956D46DE8}") = "ServiceNewOrder", "ServiceNewOrder", "{6A2EF101-D85F-42E6-8992-94FB5CF18282}"
EndProject
Project("{9A19103F-16F7-4668-BE54-9A1E7A4F7556}") = "ServiceNewOrder", "ServiceNewOrder\ServiceNewOrder.csproj", "{C699A669-8D2D-48C5-A221-95B0A7CA1B9D}"
EndProject
Project("{2150E333-8FDC-42A3-9474-1A3956D46DE8}") = "ServiceEmail", "ServiceEmail", "{F123816D-FB90-4590-AD06-F194DF2560CF}"
EndProject
Project("{9A19103F-16F7-4668-BE54-9A1E7A4F7556}") = "ServiceEmail", "ServiceEmail\ServiceEmail.csproj", "{08A3B490-6C33-4C9E-9374-40CC07A51EBD}"
EndProject
Project("{2150E333-8FDC-42A3-9474-1A3956D46DE8}") = "ServiceFraudDetector", "ServiceFraudDetector", "{404D32EA-8949-4574-A266-8D8554AA458E}"
EndProject
Project("{9A19103F-16F7-4668-BE54-9A1E7A4F7556}") = "ServiceFraudDetector", "ServiceFraudDetector\ServiceFraudDetector.csproj", "{908EE47D-A2AF-4BFA-AD66-4E84853B65C8}"
EndProject
Project("{2150E333-8FDC-42A3-9474-1A3956D46DE8}") = "ServiceUser", "ServiceUser", "{6AF3E9EC-0B25-491B-9120-107E932118D9}"
EndProject
Project("{9A19103F-16F7-4668-BE54-9A1E7A4F7556}") = "ServiceUser", "ServiceUser\ServiceUser.csproj", "{BC846213-6029-4086-88F6-B90991D11F85}"
EndProject
Project("{2150E333-8FDC-42A3-9474-1A3956D46DE8}") = "ServiceHttpEcommerce", "ServiceHttpEcommerce", "{472E6818-BFD6-4C5C-94C3-C8FA51D23B02}"
EndProject
Project("{9A19103F-16F7-4668-BE54-9A1E7A4F7556}") = "ServiceHttpEcommerce", "ServiceHttpEcommerce\ServiceHttpEcommerce.csproj", "{6D18939F-2FD1-44A1-9861-D683981C2B9C}"
EndProject
Project("{2150E333-8FDC-42A3-9474-1A3956D46DE8}") = "Kafka", "Kafka", "{97ACB35D-2F65-4258-BFC0-559552C6D4A6}"
EndProject
Project("{9A19103F-16F7-4668-BE54-9A1E7A4F7556}") = "Kafka", "Kafka\Kafka.csproj", "{D135401B-B57E-4369-866A-3BE339E6D434}"
EndProject
Project("{2150E333-8FDC-42A3-9474-1A3956D46DE8}") = "ServiceReports", "ServiceReports", "{208B84C1-461D-44BF-AA4C-58CA4D70A558}"
EndProject
Project("{9A19103F-16F7-4668-BE54-9A1E7A4F7556}") = "ServiceReports", "ServiceReports\ServiceReports.csproj", "{03830E16-0541-4EA8-BF4A-A1DA6CFD3692}"
EndProject
Project("{2150E333-8FDC-42A3-9474-1A3956D46DE8}") = "ServiceEmailNewOrder", "ServiceEmailNewOrder", "{2D02299A-FECC-4580-8B5C-BECD8C0FA60D}"
EndProject
Project("{FAE04EC0-301F-11D3-BF4B-00C04F79EFBC}") = "ServiceEmailNewOrder", "ServiceEmailNewOrder\ServiceEmailNewOrder.csproj", "{104CB09F-6717-40C9-B5A7-5450476412DB}"
EndProject
Project("{2150E333-8FDC-42A3-9474-1A3956D46DE8}") = "Database", "Database", "{93CE72F7-8323-4C89-83EC-F6382E761E8B}"
EndProject
Project("{FAE04EC0-301F-11D3-BF4B-00C04F79EFBC}") = "Database", "Database\Database.csproj", "{9A24886C-0A20-4E7F-ACBC-A133E095B94A}"
EndProject
Global
	GlobalSection(SolutionConfigurationPlatforms) = preSolution
		Debug|Any CPU = Debug|Any CPU
		Release|Any CPU = Release|Any CPU
	EndGlobalSection
	GlobalSection(ProjectConfigurationPlatforms) = postSolution
		{C699A669-8D2D-48C5-A221-95B0A7CA1B9D}.Debug|Any CPU.ActiveCfg = Debug|Any CPU
		{C699A669-8D2D-48C5-A221-95B0A7CA1B9D}.Debug|Any CPU.Build.0 = Debug|Any CPU
		{C699A669-8D2D-48C5-A221-95B0A7CA1B9D}.Release|Any CPU.ActiveCfg = Release|Any CPU
		{C699A669-8D2D-48C5-A221-95B0A7CA1B9D}.Release|Any CPU.Build.0 = Release|Any CPU
		{08A3B490-6C33-4C9E-9374-40CC07A51EBD}.Debug|Any CPU.ActiveCfg = Debug|Any CPU
		{08A3B490-6C33-4C9E-9374-40CC07A51EBD}.Debug|Any CPU.Build.0 = Debug|Any CPU
		{08A3B490-6C33-4C9E-9374-40CC07A51EBD}.Release|Any CPU.ActiveCfg = Release|Any CPU
		{08A3B490-6C33-4C9E-9374-40CC07A51EBD}.Release|Any CPU.Build.0 = Release|Any CPU
		{908EE47D-A2AF-4BFA-AD66-4E84853B65C8}.Debug|Any CPU.ActiveCfg = Debug|Any CPU
		{908EE47D-A2AF-4BFA-AD66-4E84853B65C8}.Debug|Any CPU.Build.0 = Debug|Any CPU
		{908EE47D-A2AF-4BFA-AD66-4E84853B65C8}.Release|Any CPU.ActiveCfg = Release|Any CPU
		{908EE47D-A2AF-4BFA-AD66-4E84853B65C8}.Release|Any CPU.Build.0 = Release|Any CPU
		{BC846213-6029-4086-88F6-B90991D11F85}.Debug|Any CPU.ActiveCfg = Debug|Any CPU
		{BC846213-6029-4086-88F6-B90991D11F85}.Debug|Any CPU.Build.0 = Debug|Any CPU
		{BC846213-6029-4086-88F6-B90991D11F85}.Release|Any CPU.ActiveCfg = Release|Any CPU
		{BC846213-6029-4086-88F6-B90991D11F85}.Release|Any CPU.Build.0 = Release|Any CPU
		{6D18939F-2FD1-44A1-9861-D683981C2B9C}.Debug|Any CPU.ActiveCfg = Debug|Any CPU
		{6D18939F-2FD1-44A1-9861-D683981C2B9C}.Debug|Any CPU.Build.0 = Debug|Any CPU
		{6D18939F-2FD1-44A1-9861-D683981C2B9C}.Release|Any CPU.ActiveCfg = Release|Any CPU
		{6D18939F-2FD1-44A1-9861-D683981C2B9C}.Release|Any CPU.Build.0 = Release|Any CPU
		{D135401B-B57E-4369-866A-3BE339E6D434}.Debug|Any CPU.ActiveCfg = Debug|Any CPU
		{D135401B-B57E-4369-866A-3BE339E6D434}.Debug|Any CPU.Build.0 = Debug|Any CPU
		{D135401B-B57E-4369-866A-3BE339E6D434}.Release|Any CPU.ActiveCfg = Release|Any CPU
		{D135401B-B57E-4369-866A-3BE339E6D434}.Release|Any CPU.Build.0 = Release|Any CPU
		{03830E16-0541-4EA8-BF4A-A1DA6CFD3692}.Debug|Any CPU.ActiveCfg = Debug|Any CPU
		{03830E16-0541-4EA8-BF4A-A1DA6CFD3692}.Debug|Any CPU.Build.0 = Debug|Any CPU
		{03830E16-0541-4EA8-BF4A-A1DA6CFD3692}.Release|Any CPU.ActiveCfg = Release|Any CPU
		{03830E16-0541-4EA8-BF4A-A1DA6CFD3692}.Release|Any CPU.Build.0 = Release|Any CPU
		{104CB09F-6717-40C9-B5A7-5450476412DB}.Debug|Any CPU.ActiveCfg = Debug|Any CPU
		{104CB09F-6717-40C9-B5A7-5450476412DB}.Debug|Any CPU.Build.0 = Debug|Any CPU
		{104CB09F-6717-40C9-B5A7-5450476412DB}.Release|Any CPU.ActiveCfg = Release|Any CPU
		{104CB09F-6717-40C9-B5A7-5450476412DB}.Release|Any CPU.Build.0 = Release|Any CPU
		{9A24886C-0A20-4E7F-ACBC-A133E095B94A}.Debug|Any CPU.ActiveCfg = Debug|Any CPU
		{9A24886C-0A20-4E7F-ACBC-A133E095B94A}.Debug|Any CPU.Build.0 = Debug|Any CPU
		{9A24886C-0A20-4E7F-ACBC-A133E095B94A}.Release|Any CPU.ActiveCfg = Release|Any CPU
		{9A24886C-0A20-4E7F-ACBC-A133E095B94A}.Release|Any CPU.Build.0 = Release|Any CPU
	EndGlobalSection
	GlobalSection(SolutionProperties) = preSolution
		HideSolutionNode = FALSE
	EndGlobalSection
	GlobalSection(NestedProjects) = preSolution
		{C699A669-8D2D-48C5-A221-95B0A7CA1B9D} = {6A2EF101-D85F-42E6-8992-94FB5CF18282}
		{08A3B490-6C33-4C9E-9374-40CC07A51EBD} = {F123816D-FB90-4590-AD06-F194DF2560CF}
		{908EE47D-A2AF-4BFA-AD66-4E84853B65C8} = {404D32EA-8949-4574-A266-8D8554AA458E}
		{BC846213-6029-4086-88F6-B90991D11F85} = {6AF3E9EC-0B25-491B-9120-107E932118D9}
		{6D18939F-2FD1-44A1-9861-D683981C2B9C} = {472E6818-BFD6-4C5C-94C3-C8FA51D23B02}
		{D135401B-B57E-4369-866A-3BE339E6D434} = {97ACB35D-2F65-4258-BFC0-559552C6D4A6}
		{03830E16-0541-4EA8-BF4A-A1DA6CFD3692} = {208B84C1-461D-44BF-AA4C-58CA4D70A558}
		{104CB09F-6717-40C9-B5A7-5450476412DB} = {2D02299A-FECC-4580-8B5C-BECD8C0FA60D}
		{9A24886C-0A20-4E7F-ACBC-A133E095B94A} = {93CE72F7-8323-4C89-83EC-F6382E761E8B}
	EndGlobalSection
	GlobalSection(ExtensibilityGlobals) = postSolution
		SolutionGuid = {19EAF3C8-C817-408D-904A-4E0E853CB528}
	EndGlobalSection
EndGlobal
